<?xml version="1.0" encoding="UTF-8" standalone="yes" ?>
<CodeBlocks_project_file>
	<FileVersion major="1" minor="6" />
	<Project>
		<Option title="net_action" />
		<Option pch_mode="2" />
		<Option compiler="gcc" />
		<Build>
			<Target title="Debug">
				<Option output="../debug/net_action" prefix_auto="0" extension_auto="1" />
				<Option object_output="obj/Debug/" />
				<Option type="3" />
				<Option compiler="gcc" />
				<Compiler>
					<Add option="-g" />
				</Compiler>
			</Target>
			<Target title="Release">
				<Option output="../release/net_action" prefix_auto="0" extension_auto="1" />
				<Option object_output="obj/Release/" />
				<Option type="3" />
				<Option compiler="gcc" />
				<Compiler>
					<Add option="-O2" />
				</Compiler>
				<Linker>
					<Add option="-s" />
				</Linker>
			</Target>
		</Build>
		<Compiler>
			<Add option="-std=c++11" />
			<Add option="-Wall" />
			<Add option="-m32" />
			<Add option="-fexceptions" />
			<Add option="-Wno-unused-local-typedefs" />
			<Add option="-Wno-deprecated-declarations" />
			<Add option="-DWIN32" />
			<Add directory="../include" />
			<Add directory="D:/mycode/library/windows/boost_1_58_x86/include" />
		</Compiler>
		<Linker>
			<Add option="-m32" />
			<Add option="-lws2_32" />
			<Add option="-static-libstdc++" />
			<Add library="D:\mycode\library\windows\boost_1_58_x86\lib\libboost_system-mgw51-1_58.a" />
			<Add library="D:\mycode\library\windows\boost_1_58_x86\lib\libboost_date_time-mgw51-1_58.a" />
		</Linker>
		<Unit filename="net_action.cpp" />
		<Unit filename="net_action.h" />
		<Unit filename="std.h" />
		<Extensions>
			<code_completion />
			<envvars />
			<debugger />
			<lib_finder disable_auto="1" />
		</Extensions>
	</Project>
</CodeBlocks_project_file>
